// !$*UTF8*$!
{
	archiveVersion = 1;
	classes = {
	};
	objectVersion = 46;
	objects = {

/* Begin PBXBuildFile section */
		8AA1199E1E4DB84F008C0049 /* AppDelegate.swift in Sources */ = {isa = PBXBuildFile; fileRef = 8AA1199D1E4DB84F008C0049 /* AppDelegate.swift */; };
		8AA119A01E4DB84F008C0049 /* ViewController.swift in Sources */ = {isa = PBXBuildFile; fileRef = 8AA1199F1E4DB84F008C0049 /* ViewController.swift */; };
		8AA119A31E4DB850008C0049 /* Main.storyboard in Resources */ = {isa = PBXBuildFile; fileRef = 8AA119A11E4DB850008C0049 /* Main.storyboard */; };
		8AA119A51E4DB850008C0049 /* Assets.xcassets in Resources */ = {isa = PBXBuildFile; fileRef = 8AA119A41E4DB850008C0049 /* Assets.xcassets */; };
		8AA119A81E4DB850008C0049 /* LaunchScreen.storyboard in Resources */ = {isa = PBXBuildFile; fileRef = 8AA119A61E4DB850008C0049 /* LaunchScreen.storyboard */; };
/* End PBXBuildFile section */

/* Begin PBXFileReference section */
		8AA1199A1E4DB84F008C0049 /* InstagramTeam2.app */ = {isa = PBXFileReference; explicitFileType = wrapper.application; includeInIndex = 0; path = InstagramTeam2.app; sourceTree = BUILT_PRODUCTS_DIR; };
		8AA1199D1E4DB84F008C0049 /* AppDelegate.swift */ = {isa = PBXFileReference; lastKnownFileType = sourcecode.swift; path = AppDelegate.swift; sourceTree = "<group>"; };
		8AA1199F1E4DB84F008C0049 /* ViewController.swift */ = {isa = PBXFileReference; lastKnownFileType = sourcecode.swift; path = ViewController.swift; sourceTree = "<group>"; };
		8AA119A21E4DB850008C0049 /* Base */ = {isa = PBXFileReference; lastKnownFileType = file.storyboard; name = Base; path = Base.lproj/Main.storyboard; sourceTree = "<group>"; };
		8AA119A41E4DB850008C0049 /* Assets.xcassets */ = {isa = PBXFileReference; lastKnownFileType = folder.assetcatalog; path = Assets.xcassets; sourceTree = "<group>"; };
		8AA119A71E4DB850008C0049 /* Base */ = {isa = PBXFileReference; lastKnownFileType = file.storyboard; name = Base; path = Base.lproj/LaunchScreen.storyboard; sourceTree = "<group>"; };
		8AA119A91E4DB850008C0049 /* Info.plist */ = {isa = PBXFileReference; lastKnownFileType = text.plist.xml; path = Info.plist; sourceTree = "<group>"; };
/* End PBXFileReference section */

/* Begin PBXFrameworksBuildPhase section */
		8AA119971E4DB84E008C0049 /* Frameworks */ = {
			isa = PBXFrameworksBuildPhase;
			buildActionMask = 2147483647;
			files = (
			);
			runOnlyForDeploymentPostprocessing = 0;
		};
/* End PBXFrameworksBuildPhase section */

/* Begin PBXGroup section */
		8AA119911E4DB84C008C0049 = {
			isa = PBXGroup;
			children = (
				8AA1199C1E4DB84F008C0049 /* InstagramTeam2 */,
				8AA1199B1E4DB84F008C0049 /* Products */,
			);
			sourceTree = "<group>";
		};
		8AA1199B1E4DB84F008C0049 /* Products */ = {
			isa = PBXGroup;
			children = (
				8AA1199A1E4DB84F008C0049 /* InstagramTeam2.app */,
			);
			name = Products;
			sourceTree = "<group>";
		};
		8AA1199C1E4DB84F008C0049 /* InstagramTeam2 */ = {
			isa = PBXGroup;
			children = (
				8AA1199D1E4DB84F008C0049 /* AppDelegate.swift */,
				8AA1199F1E4DB84F008C0049 /* ViewController.swift */,
				8AA119A11E4DB850008C0049 /* Main.storyboard */,
				8AA119A41E4DB850008C0049 /* Assets.xcassets */,
				8AA119A61E4DB850008C0049 /* LaunchScreen.storyboard */,
				8AA119A91E4DB850008C0049 /* Info.plist */,
			);
			path = InstagramTeam2;
			sourceTree = "<group>";
		};
/* End PBXGroup section */

/* Begin PBXNativeTarget section */
		8AA119991E4DB84E008C0049 /* InstagramTeam2 */ = {
			isa = PBXNativeTarget;
			buildConfigurationList = 8AA119AC1E4DB851008C0049 /* Build configuration list for PBXNativeTarget "InstagramTeam2" */;
			buildPhases = (
				8AA119961E4DB84E008C0049 /* Sources */,
				8AA119971E4DB84E008C0049 /* Frameworks */,
				8AA119981E4DB84E008C0049 /* Resources */,
			);
			buildRules = (
			);
			dependencies = (
			);
			name = InstagramTeam2;
			productName = InstagramTeam2;
			productReference = 8AA1199A1E4DB84F008C0049 /* InstagramTeam2.app */;
			productType = "com.apple.product-type.application";
		};
/* End PBXNativeTarget section */

/* Begin PBXProject section */
		8AA119921E4DB84D008C0049 /* Project object */ = {
			isa = PBXProject;
			attributes = {
				LastSwiftUpdateCheck = 0820;
				LastUpgradeCheck = 0820;
				ORGANIZATIONNAME = NextAcademy;
				TargetAttributes = {
					8AA119991E4DB84E008C0049 = {
						CreatedOnToolsVersion = 8.2.1;
						ProvisioningStyle = Automatic;
					};
				};
			};
			buildConfigurationList = 8AA119951E4DB84D008C0049 /* Build configuration list for PBXProject "InstagramTeam2" */;
			compatibilityVersion = "Xcode 3.2";
			developmentRegion = English;
			hasScannedForEncodings = 0;
			knownRegions = (
				en,
				Base,
			);
			mainGroup = 8AA119911E4DB84C008C0049;
			productRefGroup = 8AA1199B1E4DB84F008C0049 /* Products */;
			projectDirPath = "";
			projectRoot = "";
			targets = (
				8AA119991E4DB84E008C0049 /* InstagramTeam2 */,
			);
		};
/* End PBXProject section */

/* Begin PBXResourcesBuildPhase section */
		8AA119981E4DB84E008C0049 /* Resources */ = {
			isa = PBXResourcesBuildPhase;
			buildActionMask = 2147483647;
			files = (
				8AA119A81E4DB850008C0049 /* LaunchScreen.storyboard in Resources */,
				8AA119A51E4DB850008C0049 /* Assets.xcassets in Resources */,
				8AA119A31E4DB850008C0049 /* Main.storyboard in Resources */,
			);
			runOnlyForDeploymentPostprocessing = 0;
		};
/* End PBXResourcesBuildPhase section */

/* Begin PBXSourcesBuildPhase section */
		8AA119961E4DB84E008C0049 /* Sources */ = {
			isa = PBXSourcesBuildPhase;
			buildActionMask = 2147483647;
			files = (
				8AA119A01E4DB84F008C0049 /* ViewController.swift in Sources */,
				8AA1199E1E4DB84F008C0049 /* AppDelegate.swift in Sources */,
			);
			runOnlyForDeploymentPostprocessing = 0;
		};
/* End PBXSourcesBuildPhase section */

/* Begin PBXVariantGroup section */
		8AA119A11E4DB850008C0049 /* Main.storyboard */ = {
			isa = PBXVariantGroup;
			children = (
				8AA119A21E4DB850008C0049 /* Base */,
			);
			name = Main.storyboard;
			sourceTree = "<group>";
		};
		8AA119A61E4DB850008C0049 /* LaunchScreen.storyboard */ = {
			isa = PBXVariantGroup;
			children = (
				8AA119A71E4DB850008C0049 /* Base */,
			);
			name = LaunchScreen.storyboard;
			sourceTree = "<group>";
		};
/* End PBXVariantGroup section */

/* Begin XCBuildConfiguration section */
		8AA119AA1E4DB850008C0049 /* Debug */ = {
			isa = XCBuildConfiguration;
			buildSettings = {
				ALWAYS_SEARCH_USER_PATHS = NO;
				CLANG_ANALYZER_NONNULL = YES;
				CLANG_CXX_LANGUAGE_STANDARD = "gnu++0x";
				CLANG_CXX_LIBRARY = "libc++";
				CLANG_ENABLE_MODULES = YES;
				CLANG_ENABLE_OBJC_ARC = YES;
				CLANG_WARN_BOOL_CONVERSION = YES;
				CLANG_WARN_CONSTANT_CONVERSION = YES;
				CLANG_WARN_DIRECT_OBJC_ISA_USAGE = YES_ERROR;
				CLANG_WARN_DOCUMENTATION_COMMENTS = YES;
				CLANG_WARN_EMPTY_BODY = YES;
				CLANG_WARN_ENUM_CONVERSION = YES;
				CLANG_WARN_INFINITE_RECURSION = YES;
				CLANG_WARN_INT_CONVERSION = YES;
				CLANG_WARN_OBJC_ROOT_CLASS = YES_ERROR;
				CLANG_WARN_SUSPICIOUS_MOVE = YES;
				CLANG_WARN_UNREACHABLE_CODE = YES;
				CLANG_WARN__DUPLICATE_METHOD_MATCH = YES;
				"CODE_SIGN_IDENTITY[sdk=iphoneos*]" = "iPhone Developer";
				COPY_PHASE_STRIP = NO;
				DEBUG_INFORMATION_FORMAT = dwarf;
				ENABLE_STRICT_OBJC_MSGSEND = YES;
				ENABLE_TESTABILITY = YES;
				GCC_C_LANGUAGE_STANDARD = gnu99;
				GCC_DYNAMIC_NO_PIC = NO;
				GCC_NO_COMMON_BLOCKS = YES;
				GCC_OPTIMIZATION_LEVEL = 0;
				GCC_PREPROCESSOR_DEFINITIONS = (
					"DEBUG=1",
					"$(inherited)",
				);
				GCC_WARN_64_TO_32_BIT_CONVERSION = YES;
				GCC_WARN_ABOUT_RETURN_TYPE = YES_ERROR;
				GCC_WARN_UNDECLARED_SELECTOR = YES;
				GCC_WARN_UNINITIALIZED_AUTOS = YES_AGGRESSIVE;
				GCC_WARN_UNUSED_FUNCTION = YES;
				GCC_WARN_UNUSED_VARIABLE = YES;
				IPHONEOS_DEPLOYMENT_TARGET = 10.2;
				MTL_ENABLE_DEBUG_INFO = YES;
				ONLY_ACTIVE_ARCH = YES;
				SDKROOT = iphoneos;
				SWIFT_ACTIVE_COMPILATION_CONDITIONS = DEBUG;
				SWIFT_OPTIMIZATION_LEVEL = "-Onone";
			};
			name = Debug;
		};
		8AA119AB1E4DB851008C0049 /* Release */ = {
			isa = XCBuildConfiguration;
			buildSettings = {
				ALWAYS_SEARCH_USER_PATHS = NO;
				CLANG_ANALYZER_NONNULL = YES;
				CLANG_CXX_LANGUAGE_STANDARD = "gnu++0x";
				CLANG_CXX_LIBRARY = "libc++";
				CLANG_ENABLE_MODULES = YES;
				CLANG_ENABLE_OBJC_ARC = YES;
				CLANG_WARN_BOOL_CONVERSION = YES;
				CLANG_WARN_CONSTANT_CONVERSION = YES;
				CLANG_WARN_DIRECT_OBJC_ISA_USAGE = YES_ERROR;
				CLANG_WARN_DOCUMENTATION_COMMENTS = YES;
				CLANG_WARN_EMPTY_BODY = YES;
				CLANG_WARN_ENUM_CONVERSION = YES;
				CLANG_WARN_INFINITE_RECURSION = YES;
				CLANG_WARN_INT_CONVERSION = YES;
				CLANG_WARN_OBJC_ROOT_CLASS = YES_ERROR;
				CLANG_WARN_SUSPICIOUS_MOVE = YES;
				CLANG_WARN_UNREACHABLE_CODE = YES;
				CLANG_WARN__DUPLICATE_METHOD_MATCH = YES;
				"CODE_SIGN_IDENTITY[sdk=iphoneos*]" = "iPhone Developer";
				COPY_PHASE_STRIP = NO;
				DEBUG_INFORMATION_FORMAT = "dwarf-with-dsym";
				ENABLE_NS_ASSERTIONS = NO;
				ENABLE_STRICT_OBJC_MSGSEND = YES;
				GCC_C_LANGUAGE_STANDARD = gnu99;
				GCC_NO_COMMON_BLOCKS = YES;
				GCC_WARN_64_TO_32_BIT_CONVERSION = YES;
				GCC_WARN_ABOUT_RETURN_TYPE = YES_ERROR;
				GCC_WARN_UNDECLARED_SELECTOR = YES;
				GCC_WARN_UNINITIALIZED_AUTOS = YES_AGGRESSIVE;
				GCC_WARN_UNUSED_FUNCTION = YES;
				GCC_WARN_UNUSED_VARIABLE = YES;
				IPHONEOS_DEPLOYMENT_TARGET = 10.2;
				MTL_ENABLE_DEBUG_INFO = NO;
				SDKROOT = iphoneos;
				SWIFT_OPTIMIZATION_LEVEL = "-Owholemodule";
				VALIDATE_PRODUCT = YES;
			};
			name = Release;
		};
		8AA119AD1E4DB851008C0049 /* Debug */ = {
			isa = XCBuildConfiguration;
			buildSettings = {
				ASSETCATALOG_COMPILER_APPICON_NAME = AppIcon;
				INFOPLIST_FILE = InstagramTeam2/Info.plist;
				LD_RUNPATH_SEARCH_PATHS = "$(inherited) @executable_path/Frameworks";
				PRODUCT_BUNDLE_IDENTIFIER = com.charlesyangkai.InstagramTeam2;
				PRODUCT_NAME = "$(TARGET_NAME)";
				SWIFT_VERSION = 3.0;
			};
			name = Debug;
		};
		8AA119AE1E4DB851008C0049 /* Release */ = {
			isa = XCBuildConfiguration;
			buildSettings = {
				ASSETCATALOG_COMPILER_APPICON_NAME = AppIcon;
				INFOPLIST_FILE = InstagramTeam2/Info.plist;
				LD_RUNPATH_SEARCH_PATHS = "$(inherited) @executable_path/Frameworks";
				PRODUCT_BUNDLE_IDENTIFIER = com.charlesyangkai.InstagramTeam2;
				PRODUCT_NAME = "$(TARGET_NAME)";
				SWIFT_VERSION = 3.0;
			};
			name = Release;
		};
/* End XCBuildConfiguration section */

/* Begin XCConfigurationList section */
		8AA119951E4DB84D008C0049 /* Build configuration list for PBXProject "InstagramTeam2" */ = {
			isa = XCConfigurationList;
			buildConfigurations = (
				8AA119AA1E4DB850008C0049 /* Debug */,
				8AA119AB1E4DB851008C0049 /* Release */,
			);
			defaultConfigurationIsVisible = 0;
			defaultConfigurationName = Release;
		};
		8AA119AC1E4DB851008C0049 /* Build configuration list for PBXNativeTarget "InstagramTeam2" */ = {
			isa = XCConfigurationList;
			buildConfigurations = (
				8AA119AD1E4DB851008C0049 /* Debug */,
				8AA119AE1E4DB851008C0049 /* Release */,
			);
			defaultConfigurationIsVisible = 0;
		};
/* End XCConfigurationList section */
	};
	rootObject = 8AA119921E4DB84D008C0049 /* Project object */;
}
