// !$*UTF8*$!
{
	archiveVersion = 1;
	classes = {
	};
	objectVersion = 46;
	objects = {

/* Begin PBXBuildFile section */
		7CEEDF457D5DC2FF3CE8D37F /* Pods_InstagramTeam2.framework in Frameworks */ = {isa = PBXBuildFile; fileRef = 3DA3B66EE37EED7744EB1D9F /* Pods_InstagramTeam2.framework */; };
		8A4E2C2F1E53E7CB00312697 /* Post.swift in Sources */ = {isa = PBXBuildFile; fileRef = 8A4E2C2E1E53E7CB00312697 /* Post.swift */; };
		8A4E2C311E53E7D200312697 /* Comment.swift in Sources */ = {isa = PBXBuildFile; fileRef = 8A4E2C301E53E7D200312697 /* Comment.swift */; };
		8A4E2C381E53F9E500312697 /* PostCell.swift in Sources */ = {isa = PBXBuildFile; fileRef = 8A4E2C361E53F9E500312697 /* PostCell.swift */; };
		8A4E2C391E53F9E500312697 /* PostCell.xib in Resources */ = {isa = PBXBuildFile; fileRef = 8A4E2C371E53F9E500312697 /* PostCell.xib */; };
		8A4E2C3B1E54073F00312697 /* HomeViewController.swift in Sources */ = {isa = PBXBuildFile; fileRef = 8A4E2C3A1E54073F00312697 /* HomeViewController.swift */; };
		8A4E2C3D1E5440C000312697 /* User.swift in Sources */ = {isa = PBXBuildFile; fileRef = 8A4E2C3C1E5440C000312697 /* User.swift */; };
		8AA1199E1E4DB84F008C0049 /* AppDelegate.swift in Sources */ = {isa = PBXBuildFile; fileRef = 8AA1199D1E4DB84F008C0049 /* AppDelegate.swift */; };
		8AA119A31E4DB850008C0049 /* Main.storyboard in Resources */ = {isa = PBXBuildFile; fileRef = 8AA119A11E4DB850008C0049 /* Main.storyboard */; };
		8AA119A51E4DB850008C0049 /* Assets.xcassets in Resources */ = {isa = PBXBuildFile; fileRef = 8AA119A41E4DB850008C0049 /* Assets.xcassets */; };
		8AA119A81E4DB850008C0049 /* LaunchScreen.storyboard in Resources */ = {isa = PBXBuildFile; fileRef = 8AA119A61E4DB850008C0049 /* LaunchScreen.storyboard */; };
		8AA119B01E4DB9C4008C0049 /* GoogleService-Info.plist in Resources */ = {isa = PBXBuildFile; fileRef = 8AA119AF1E4DB9C4008C0049 /* GoogleService-Info.plist */; };
		8AD583981E5194790071D1E3 /* CustomTabBarController.swift in Sources */ = {isa = PBXBuildFile; fileRef = 8AD583971E5194790071D1E3 /* CustomTabBarController.swift */; };
		8AD5839A1E51AF810071D1E3 /* CameraGalleryViewController.swift in Sources */ = {isa = PBXBuildFile; fileRef = 8AD583991E51AF810071D1E3 /* CameraGalleryViewController.swift */; };
		DD09982D1E515F0300F665DD /* TimelineStoryboard.storyboard in Resources */ = {isa = PBXBuildFile; fileRef = DD09982C1E515F0300F665DD /* TimelineStoryboard.storyboard */; };
		DD09982F1E515F3E00F665DD /* Auth.storyboard in Resources */ = {isa = PBXBuildFile; fileRef = DD09982E1E515F3E00F665DD /* Auth.storyboard */; };
		DD0998311E515F5400F665DD /* LoginViewController.swift in Sources */ = {isa = PBXBuildFile; fileRef = DD0998301E515F5400F665DD /* LoginViewController.swift */; };
		DD0998331E515F6200F665DD /* RegisterViewController.swift in Sources */ = {isa = PBXBuildFile; fileRef = DD0998321E515F6200F665DD /* RegisterViewController.swift */; };
		DD0998411E52C75800F665DD /* Collection.storyboard in Resources */ = {isa = PBXBuildFile; fileRef = DD0998401E52C75800F665DD /* Collection.storyboard */; };
		DD09984F1E52EE7400F665DD /* ImageViewController.swift in Sources */ = {isa = PBXBuildFile; fileRef = DD09984E1E52EE7400F665DD /* ImageViewController.swift */; };
		DD0998511E52EF3500F665DD /* ViewController.swift in Sources */ = {isa = PBXBuildFile; fileRef = DD0998501E52EF3500F665DD /* ViewController.swift */; };
		DD0998531E5385E000F665DD /* TaggedImageViewController.swift in Sources */ = {isa = PBXBuildFile; fileRef = DD0998521E5385E000F665DD /* TaggedImageViewController.swift */; };
		DD0998571E5412E500F665DD /* UserEditeProfileViewController.swift in Sources */ = {isa = PBXBuildFile; fileRef = DD0998561E5412E500F665DD /* UserEditeProfileViewController.swift */; };
/* End PBXBuildFile section */

/* Begin PBXFileReference section */
		1803143120E8213EDC33AA04 /* Pods-InstagramTeam2.debug.xcconfig */ = {isa = PBXFileReference; includeInIndex = 1; lastKnownFileType = text.xcconfig; name = "Pods-InstagramTeam2.debug.xcconfig"; path = "Pods/Target Support Files/Pods-InstagramTeam2/Pods-InstagramTeam2.debug.xcconfig"; sourceTree = "<group>"; };
		3DA3B66EE37EED7744EB1D9F /* Pods_InstagramTeam2.framework */ = {isa = PBXFileReference; explicitFileType = wrapper.framework; includeInIndex = 0; path = Pods_InstagramTeam2.framework; sourceTree = BUILT_PRODUCTS_DIR; };
		45BBAC4DEA1C5D290B464D42 /* Pods-InstagramTeam2.release.xcconfig */ = {isa = PBXFileReference; includeInIndex = 1; lastKnownFileType = text.xcconfig; name = "Pods-InstagramTeam2.release.xcconfig"; path = "Pods/Target Support Files/Pods-InstagramTeam2/Pods-InstagramTeam2.release.xcconfig"; sourceTree = "<group>"; };
		8A4E2C2E1E53E7CB00312697 /* Post.swift */ = {isa = PBXFileReference; fileEncoding = 4; lastKnownFileType = sourcecode.swift; path = Post.swift; sourceTree = "<group>"; };
		8A4E2C301E53E7D200312697 /* Comment.swift */ = {isa = PBXFileReference; fileEncoding = 4; lastKnownFileType = sourcecode.swift; path = Comment.swift; sourceTree = "<group>"; };
		8A4E2C361E53F9E500312697 /* PostCell.swift */ = {isa = PBXFileReference; fileEncoding = 4; lastKnownFileType = sourcecode.swift; path = PostCell.swift; sourceTree = "<group>"; };
		8A4E2C371E53F9E500312697 /* PostCell.xib */ = {isa = PBXFileReference; fileEncoding = 4; lastKnownFileType = file.xib; path = PostCell.xib; sourceTree = "<group>"; };
		8A4E2C3A1E54073F00312697 /* HomeViewController.swift */ = {isa = PBXFileReference; fileEncoding = 4; lastKnownFileType = sourcecode.swift; path = HomeViewController.swift; sourceTree = "<group>"; };
		8A4E2C3C1E5440C000312697 /* User.swift */ = {isa = PBXFileReference; fileEncoding = 4; lastKnownFileType = sourcecode.swift; path = User.swift; sourceTree = "<group>"; };
		8AA1199A1E4DB84F008C0049 /* InstagramTeam2.app */ = {isa = PBXFileReference; explicitFileType = wrapper.application; includeInIndex = 0; path = InstagramTeam2.app; sourceTree = BUILT_PRODUCTS_DIR; };
		8AA1199D1E4DB84F008C0049 /* AppDelegate.swift */ = {isa = PBXFileReference; lastKnownFileType = sourcecode.swift; path = AppDelegate.swift; sourceTree = "<group>"; };
		8AA119A21E4DB850008C0049 /* Base */ = {isa = PBXFileReference; lastKnownFileType = file.storyboard; name = Base; path = Base.lproj/Main.storyboard; sourceTree = "<group>"; };
		8AA119A41E4DB850008C0049 /* Assets.xcassets */ = {isa = PBXFileReference; lastKnownFileType = folder.assetcatalog; path = Assets.xcassets; sourceTree = "<group>"; };
		8AA119A71E4DB850008C0049 /* Base */ = {isa = PBXFileReference; lastKnownFileType = file.storyboard; name = Base; path = Base.lproj/LaunchScreen.storyboard; sourceTree = "<group>"; };
		8AA119A91E4DB850008C0049 /* Info.plist */ = {isa = PBXFileReference; lastKnownFileType = text.plist.xml; path = Info.plist; sourceTree = "<group>"; };
		8AA119AF1E4DB9C4008C0049 /* GoogleService-Info.plist */ = {isa = PBXFileReference; fileEncoding = 4; lastKnownFileType = text.plist.xml; path = "GoogleService-Info.plist"; sourceTree = "<group>"; };
		8AD583971E5194790071D1E3 /* CustomTabBarController.swift */ = {isa = PBXFileReference; fileEncoding = 4; lastKnownFileType = sourcecode.swift; path = CustomTabBarController.swift; sourceTree = "<group>"; };
		8AD583991E51AF810071D1E3 /* CameraGalleryViewController.swift */ = {isa = PBXFileReference; fileEncoding = 4; lastKnownFileType = sourcecode.swift; path = CameraGalleryViewController.swift; sourceTree = "<group>"; };
		DD09982C1E515F0300F665DD /* TimelineStoryboard.storyboard */ = {isa = PBXFileReference; fileEncoding = 4; lastKnownFileType = file.storyboard; path = TimelineStoryboard.storyboard; sourceTree = "<group>"; };
		DD09982E1E515F3E00F665DD /* Auth.storyboard */ = {isa = PBXFileReference; fileEncoding = 4; lastKnownFileType = file.storyboard; path = Auth.storyboard; sourceTree = "<group>"; };
		DD0998301E515F5400F665DD /* LoginViewController.swift */ = {isa = PBXFileReference; fileEncoding = 4; lastKnownFileType = sourcecode.swift; path = LoginViewController.swift; sourceTree = "<group>"; };
		DD0998321E515F6200F665DD /* RegisterViewController.swift */ = {isa = PBXFileReference; fileEncoding = 4; lastKnownFileType = sourcecode.swift; path = RegisterViewController.swift; sourceTree = "<group>"; };
		DD0998401E52C75800F665DD /* Collection.storyboard */ = {isa = PBXFileReference; fileEncoding = 4; lastKnownFileType = file.storyboard; path = Collection.storyboard; sourceTree = "<group>"; };
		DD09984E1E52EE7400F665DD /* ImageViewController.swift */ = {isa = PBXFileReference; fileEncoding = 4; lastKnownFileType = sourcecode.swift; path = ImageViewController.swift; sourceTree = "<group>"; };
		DD0998501E52EF3500F665DD /* ViewController.swift */ = {isa = PBXFileReference; fileEncoding = 4; lastKnownFileType = sourcecode.swift; path = ViewController.swift; sourceTree = "<group>"; };
		DD0998521E5385E000F665DD /* TaggedImageViewController.swift */ = {isa = PBXFileReference; fileEncoding = 4; lastKnownFileType = sourcecode.swift; path = TaggedImageViewController.swift; sourceTree = "<group>"; };
		DD0998561E5412E500F665DD /* UserEditeProfileViewController.swift */ = {isa = PBXFileReference; fileEncoding = 4; lastKnownFileType = sourcecode.swift; path = UserEditeProfileViewController.swift; sourceTree = "<group>"; };
/* End PBXFileReference section */

/* Begin PBXFrameworksBuildPhase section */
		8AA119971E4DB84E008C0049 /* Frameworks */ = {
			isa = PBXFrameworksBuildPhase;
			buildActionMask = 2147483647;
			files = (
				7CEEDF457D5DC2FF3CE8D37F /* Pods_InstagramTeam2.framework in Frameworks */,
			);
			runOnlyForDeploymentPostprocessing = 0;
		};
/* End PBXFrameworksBuildPhase section */

/* Begin PBXGroup section */
		5C7A19423A1D2BE9DDA7D619 /* Pods */ = {
			isa = PBXGroup;
			children = (
				1803143120E8213EDC33AA04 /* Pods-InstagramTeam2.debug.xcconfig */,
				45BBAC4DEA1C5D290B464D42 /* Pods-InstagramTeam2.release.xcconfig */,
			);
			name = Pods;
			sourceTree = "<group>";
		};
		7D4666D3C8A44F62267AA828 /* Frameworks */ = {
			isa = PBXGroup;
			children = (
				3DA3B66EE37EED7744EB1D9F /* Pods_InstagramTeam2.framework */,
			);
			name = Frameworks;
			sourceTree = "<group>";
		};
		8AA119911E4DB84C008C0049 = {
			isa = PBXGroup;
			children = (
				8AA1199C1E4DB84F008C0049 /* InstagramTeam2 */,
				8AA1199B1E4DB84F008C0049 /* Products */,
				5C7A19423A1D2BE9DDA7D619 /* Pods */,
				7D4666D3C8A44F62267AA828 /* Frameworks */,
			);
			sourceTree = "<group>";
		};
		8AA1199B1E4DB84F008C0049 /* Products */ = {
			isa = PBXGroup;
			children = (
				8AA1199A1E4DB84F008C0049 /* InstagramTeam2.app */,
			);
			name = Products;
			sourceTree = "<group>";
		};
		8AA1199C1E4DB84F008C0049 /* InstagramTeam2 */ = {
			isa = PBXGroup;
			children = (
				8AA1199D1E4DB84F008C0049 /* AppDelegate.swift */,
				8AA119A11E4DB850008C0049 /* Main.storyboard */,
				DD0998501E52EF3500F665DD /* ViewController.swift */,
				8AA119A41E4DB850008C0049 /* Assets.xcassets */,
				8AA119A61E4DB850008C0049 /* LaunchScreen.storyboard */,
				8AA119A91E4DB850008C0049 /* Info.plist */,
				8AA119AF1E4DB9C4008C0049 /* GoogleService-Info.plist */,
				DD0998391E52C50C00F665DD /* Profile */,
				DD0998291E515EC000F665DD /* TimeLines */,
				DD0998281E515EA200F665DD /* Logins */,
			);
			path = InstagramTeam2;
			sourceTree = "<group>";
		};
		DD0998281E515EA200F665DD /* Logins */ = {
			isa = PBXGroup;
			children = (
				DD09982E1E515F3E00F665DD /* Auth.storyboard */,
				DD0998301E515F5400F665DD /* LoginViewController.swift */,
				DD0998321E515F6200F665DD /* RegisterViewController.swift */,
			);
			name = Logins;
			sourceTree = "<group>";
		};
		DD0998291E515EC000F665DD /* TimeLines */ = {
			isa = PBXGroup;
			children = (
				8A4E2C3C1E5440C000312697 /* User.swift */,
				8A4E2C2E1E53E7CB00312697 /* Post.swift */,
				8A4E2C361E53F9E500312697 /* PostCell.swift */,
				8A4E2C371E53F9E500312697 /* PostCell.xib */,
				8A4E2C301E53E7D200312697 /* Comment.swift */,
				8AD583971E5194790071D1E3 /* CustomTabBarController.swift */,
				8A4E2C3A1E54073F00312697 /* HomeViewController.swift */,
				8AD583991E51AF810071D1E3 /* CameraGalleryViewController.swift */,
				DD09982C1E515F0300F665DD /* TimelineStoryboard.storyboard */,
			);
			name = TimeLines;
			sourceTree = "<group>";
		};
		DD0998391E52C50C00F665DD /* Profile */ = {
			isa = PBXGroup;
			children = (
				DD0998401E52C75800F665DD /* Collection.storyboard */,
				DD09984E1E52EE7400F665DD /* ImageViewController.swift */,
				DD0998521E5385E000F665DD /* TaggedImageViewController.swift */,
				DD0998561E5412E500F665DD /* UserEditeProfileViewController.swift */,
			);
			name = Profile;
			sourceTree = "<group>";
		};
/* End PBXGroup section */

/* Begin PBXNativeTarget section */
		8AA119991E4DB84E008C0049 /* InstagramTeam2 */ = {
			isa = PBXNativeTarget;
			buildConfigurationList = 8AA119AC1E4DB851008C0049 /* Build configuration list for PBXNativeTarget "InstagramTeam2" */;
			buildPhases = (
				A1D868D18DA6A00B372102A5 /* [CP] Check Pods Manifest.lock */,
				8AA119961E4DB84E008C0049 /* Sources */,
				8AA119971E4DB84E008C0049 /* Frameworks */,
				8AA119981E4DB84E008C0049 /* Resources */,
				6D69C00616E36E8591E20008 /* [CP] Embed Pods Frameworks */,
				6B388C1930C56D26F3032DD0 /* [CP] Copy Pods Resources */,
			);
			buildRules = (
			);
			dependencies = (
			);
			name = InstagramTeam2;
			productName = InstagramTeam2;
			productReference = 8AA1199A1E4DB84F008C0049 /* InstagramTeam2.app */;
			productType = "com.apple.product-type.application";
		};
/* End PBXNativeTarget section */

/* Begin PBXProject section */
		8AA119921E4DB84D008C0049 /* Project object */ = {
			isa = PBXProject;
			attributes = {
				LastSwiftUpdateCheck = 0820;
				LastUpgradeCheck = 0820;
				ORGANIZATIONNAME = NextAcademy;
				TargetAttributes = {
					8AA119991E4DB84E008C0049 = {
						CreatedOnToolsVersion = 8.2.1;
						ProvisioningStyle = Automatic;
					};
				};
			};
			buildConfigurationList = 8AA119951E4DB84D008C0049 /* Build configuration list for PBXProject "InstagramTeam2" */;
			compatibilityVersion = "Xcode 3.2";
			developmentRegion = English;
			hasScannedForEncodings = 0;
			knownRegions = (
				en,
				Base,
			);
			mainGroup = 8AA119911E4DB84C008C0049;
			productRefGroup = 8AA1199B1E4DB84F008C0049 /* Products */;
			projectDirPath = "";
			projectRoot = "";
			targets = (
				8AA119991E4DB84E008C0049 /* InstagramTeam2 */,
			);
		};
/* End PBXProject section */

/* Begin PBXResourcesBuildPhase section */
		8AA119981E4DB84E008C0049 /* Resources */ = {
			isa = PBXResourcesBuildPhase;
			buildActionMask = 2147483647;
			files = (
				DD09982F1E515F3E00F665DD /* Auth.storyboard in Resources */,
				8AA119A81E4DB850008C0049 /* LaunchScreen.storyboard in Resources */,
				8AA119B01E4DB9C4008C0049 /* GoogleService-Info.plist in Resources */,
				8A4E2C391E53F9E500312697 /* PostCell.xib in Resources */,
				DD09982D1E515F0300F665DD /* TimelineStoryboard.storyboard in Resources */,
				8AA119A51E4DB850008C0049 /* Assets.xcassets in Resources */,
				DD0998411E52C75800F665DD /* Collection.storyboard in Resources */,
				8AA119A31E4DB850008C0049 /* Main.storyboard in Resources */,
			);
			runOnlyForDeploymentPostprocessing = 0;
		};
/* End PBXResourcesBuildPhase section */

/* Begin PBXShellScriptBuildPhase section */
		6B388C1930C56D26F3032DD0 /* [CP] Copy Pods Resources */ = {
			isa = PBXShellScriptBuildPhase;
			buildActionMask = 2147483647;
			files = (
			);
			inputPaths = (
			);
			name = "[CP] Copy Pods Resources";
			outputPaths = (
			);
			runOnlyForDeploymentPostprocessing = 0;
			shellPath = /bin/sh;
			shellScript = "\"${SRCROOT}/Pods/Target Support Files/Pods-InstagramTeam2/Pods-InstagramTeam2-resources.sh\"\n";
			showEnvVarsInLog = 0;
		};
		6D69C00616E36E8591E20008 /* [CP] Embed Pods Frameworks */ = {
			isa = PBXShellScriptBuildPhase;
			buildActionMask = 2147483647;
			files = (
			);
			inputPaths = (
			);
			name = "[CP] Embed Pods Frameworks";
			outputPaths = (
			);
			runOnlyForDeploymentPostprocessing = 0;
			shellPath = /bin/sh;
			shellScript = "\"${SRCROOT}/Pods/Target Support Files/Pods-InstagramTeam2/Pods-InstagramTeam2-frameworks.sh\"\n";
			showEnvVarsInLog = 0;
		};
		A1D868D18DA6A00B372102A5 /* [CP] Check Pods Manifest.lock */ = {
			isa = PBXShellScriptBuildPhase;
			buildActionMask = 2147483647;
			files = (
			);
			inputPaths = (
			);
			name = "[CP] Check Pods Manifest.lock";
			outputPaths = (
			);
			runOnlyForDeploymentPostprocessing = 0;
			shellPath = /bin/sh;
			shellScript = "diff \"${PODS_ROOT}/../Podfile.lock\" \"${PODS_ROOT}/Manifest.lock\" > /dev/null\nif [ $? != 0 ] ; then\n    # print error to STDERR\n    echo \"error: The sandbox is not in sync with the Podfile.lock. Run 'pod install' or update your CocoaPods installation.\" >&2\n    exit 1\nfi\n";
			showEnvVarsInLog = 0;
		};
/* End PBXShellScriptBuildPhase section */

/* Begin PBXSourcesBuildPhase section */
		8AA119961E4DB84E008C0049 /* Sources */ = {
			isa = PBXSourcesBuildPhase;
			buildActionMask = 2147483647;
			files = (
				DD0998511E52EF3500F665DD /* ViewController.swift in Sources */,
				DD0998571E5412E500F665DD /* UserEditeProfileViewController.swift in Sources */,
				DD09984F1E52EE7400F665DD /* ImageViewController.swift in Sources */,
				DD0998531E5385E000F665DD /* TaggedImageViewController.swift in Sources */,
				DD0998311E515F5400F665DD /* LoginViewController.swift in Sources */,
				DD0998331E515F6200F665DD /* RegisterViewController.swift in Sources */,
				8AD583981E5194790071D1E3 /* CustomTabBarController.swift in Sources */,
				8A4E2C2F1E53E7CB00312697 /* Post.swift in Sources */,
				8A4E2C3B1E54073F00312697 /* HomeViewController.swift in Sources */,
				8AA119A01E4DB84F008C0049 /* ViewController.swift in Sources */,
				8A4E2C381E53F9E500312697 /* PostCell.swift in Sources */,
				8AD5839A1E51AF810071D1E3 /* CameraGalleryViewController.swift in Sources */,
				8AA1199E1E4DB84F008C0049 /* AppDelegate.swift in Sources */,
				8A4E2C311E53E7D200312697 /* Comment.swift in Sources */,
				8A4E2C3D1E5440C000312697 /* User.swift in Sources */,
			);
			runOnlyForDeploymentPostprocessing = 0;
		};
/* End PBXSourcesBuildPhase section */

/* Begin PBXVariantGroup section */
		8AA119A11E4DB850008C0049 /* Main.storyboard */ = {
			isa = PBXVariantGroup;
			children = (
				8AA119A21E4DB850008C0049 /* Base */,
			);
			name = Main.storyboard;
			sourceTree = "<group>";
		};
		8AA119A61E4DB850008C0049 /* LaunchScreen.storyboard */ = {
			isa = PBXVariantGroup;
			children = (
				8AA119A71E4DB850008C0049 /* Base */,
			);
			name = LaunchScreen.storyboard;
			sourceTree = "<group>";
		};
/* End PBXVariantGroup section */

/* Begin XCBuildConfiguration section */
		8AA119AA1E4DB850008C0049 /* Debug */ = {
			isa = XCBuildConfiguration;
			buildSettings = {
				ALWAYS_SEARCH_USER_PATHS = NO;
				CLANG_ANALYZER_NONNULL = YES;
				CLANG_CXX_LANGUAGE_STANDARD = "gnu++0x";
				CLANG_CXX_LIBRARY = "libc++";
				CLANG_ENABLE_MODULES = YES;
				CLANG_ENABLE_OBJC_ARC = YES;
				CLANG_WARN_BOOL_CONVERSION = YES;
				CLANG_WARN_CONSTANT_CONVERSION = YES;
				CLANG_WARN_DIRECT_OBJC_ISA_USAGE = YES_ERROR;
				CLANG_WARN_DOCUMENTATION_COMMENTS = YES;
				CLANG_WARN_EMPTY_BODY = YES;
				CLANG_WARN_ENUM_CONVERSION = YES;
				CLANG_WARN_INFINITE_RECURSION = YES;
				CLANG_WARN_INT_CONVERSION = YES;
				CLANG_WARN_OBJC_ROOT_CLASS = YES_ERROR;
				CLANG_WARN_SUSPICIOUS_MOVE = YES;
				CLANG_WARN_UNREACHABLE_CODE = YES;
				CLANG_WARN__DUPLICATE_METHOD_MATCH = YES;
				"CODE_SIGN_IDENTITY[sdk=iphoneos*]" = "iPhone Developer";
				COPY_PHASE_STRIP = NO;
				DEBUG_INFORMATION_FORMAT = dwarf;
				ENABLE_STRICT_OBJC_MSGSEND = YES;
				ENABLE_TESTABILITY = YES;
				GCC_C_LANGUAGE_STANDARD = gnu99;
				GCC_DYNAMIC_NO_PIC = NO;
				GCC_NO_COMMON_BLOCKS = YES;
				GCC_OPTIMIZATION_LEVEL = 0;
				GCC_PREPROCESSOR_DEFINITIONS = (
					"DEBUG=1",
					"$(inherited)",
				);
				GCC_WARN_64_TO_32_BIT_CONVERSION = YES;
				GCC_WARN_ABOUT_RETURN_TYPE = YES_ERROR;
				GCC_WARN_UNDECLARED_SELECTOR = YES;
				GCC_WARN_UNINITIALIZED_AUTOS = YES_AGGRESSIVE;
				GCC_WARN_UNUSED_FUNCTION = YES;
				GCC_WARN_UNUSED_VARIABLE = YES;
				IPHONEOS_DEPLOYMENT_TARGET = 10.2;
				MTL_ENABLE_DEBUG_INFO = YES;
				ONLY_ACTIVE_ARCH = YES;
				SDKROOT = iphoneos;
				SWIFT_ACTIVE_COMPILATION_CONDITIONS = DEBUG;
				SWIFT_OPTIMIZATION_LEVEL = "-Onone";
			};
			name = Debug;
		};
		8AA119AB1E4DB851008C0049 /* Release */ = {
			isa = XCBuildConfiguration;
			buildSettings = {
				ALWAYS_SEARCH_USER_PATHS = NO;
				CLANG_ANALYZER_NONNULL = YES;
				CLANG_CXX_LANGUAGE_STANDARD = "gnu++0x";
				CLANG_CXX_LIBRARY = "libc++";
				CLANG_ENABLE_MODULES = YES;
				CLANG_ENABLE_OBJC_ARC = YES;
				CLANG_WARN_BOOL_CONVERSION = YES;
				CLANG_WARN_CONSTANT_CONVERSION = YES;
				CLANG_WARN_DIRECT_OBJC_ISA_USAGE = YES_ERROR;
				CLANG_WARN_DOCUMENTATION_COMMENTS = YES;
				CLANG_WARN_EMPTY_BODY = YES;
				CLANG_WARN_ENUM_CONVERSION = YES;
				CLANG_WARN_INFINITE_RECURSION = YES;
				CLANG_WARN_INT_CONVERSION = YES;
				CLANG_WARN_OBJC_ROOT_CLASS = YES_ERROR;
				CLANG_WARN_SUSPICIOUS_MOVE = YES;
				CLANG_WARN_UNREACHABLE_CODE = YES;
				CLANG_WARN__DUPLICATE_METHOD_MATCH = YES;
				"CODE_SIGN_IDENTITY[sdk=iphoneos*]" = "iPhone Developer";
				COPY_PHASE_STRIP = NO;
				DEBUG_INFORMATION_FORMAT = "dwarf-with-dsym";
				ENABLE_NS_ASSERTIONS = NO;
				ENABLE_STRICT_OBJC_MSGSEND = YES;
				GCC_C_LANGUAGE_STANDARD = gnu99;
				GCC_NO_COMMON_BLOCKS = YES;
				GCC_WARN_64_TO_32_BIT_CONVERSION = YES;
				GCC_WARN_ABOUT_RETURN_TYPE = YES_ERROR;
				GCC_WARN_UNDECLARED_SELECTOR = YES;
				GCC_WARN_UNINITIALIZED_AUTOS = YES_AGGRESSIVE;
				GCC_WARN_UNUSED_FUNCTION = YES;
				GCC_WARN_UNUSED_VARIABLE = YES;
				IPHONEOS_DEPLOYMENT_TARGET = 10.2;
				MTL_ENABLE_DEBUG_INFO = NO;
				SDKROOT = iphoneos;
				SWIFT_OPTIMIZATION_LEVEL = "-Owholemodule";
				VALIDATE_PRODUCT = YES;
			};
			name = Release;
		};
		8AA119AD1E4DB851008C0049 /* Debug */ = {
			isa = XCBuildConfiguration;
			baseConfigurationReference = 1803143120E8213EDC33AA04 /* Pods-InstagramTeam2.debug.xcconfig */;
			buildSettings = {
				ASSETCATALOG_COMPILER_APPICON_NAME = AppIcon;
				INFOPLIST_FILE = InstagramTeam2/Info.plist;
				LD_RUNPATH_SEARCH_PATHS = "$(inherited) @executable_path/Frameworks";
				PRODUCT_BUNDLE_IDENTIFIER = com.charlesyangkai.InstagramTeam2;
				PRODUCT_NAME = "$(TARGET_NAME)";
				SWIFT_VERSION = 3.0;
			};
			name = Debug;
		};
		8AA119AE1E4DB851008C0049 /* Release */ = {
			isa = XCBuildConfiguration;
			baseConfigurationReference = 45BBAC4DEA1C5D290B464D42 /* Pods-InstagramTeam2.release.xcconfig */;
			buildSettings = {
				ASSETCATALOG_COMPILER_APPICON_NAME = AppIcon;
				INFOPLIST_FILE = InstagramTeam2/Info.plist;
				LD_RUNPATH_SEARCH_PATHS = "$(inherited) @executable_path/Frameworks";
				PRODUCT_BUNDLE_IDENTIFIER = com.charlesyangkai.InstagramTeam2;
				PRODUCT_NAME = "$(TARGET_NAME)";
				SWIFT_VERSION = 3.0;
			};
			name = Release;
		};
/* End XCBuildConfiguration section */

/* Begin XCConfigurationList section */
		8AA119951E4DB84D008C0049 /* Build configuration list for PBXProject "InstagramTeam2" */ = {
			isa = XCConfigurationList;
			buildConfigurations = (
				8AA119AA1E4DB850008C0049 /* Debug */,
				8AA119AB1E4DB851008C0049 /* Release */,
			);
			defaultConfigurationIsVisible = 0;
			defaultConfigurationName = Release;
		};
		8AA119AC1E4DB851008C0049 /* Build configuration list for PBXNativeTarget "InstagramTeam2" */ = {
			isa = XCConfigurationList;
			buildConfigurations = (
				8AA119AD1E4DB851008C0049 /* Debug */,
				8AA119AE1E4DB851008C0049 /* Release */,
			);
			defaultConfigurationIsVisible = 0;
			defaultConfigurationName = Release;
		};
/* End XCConfigurationList section */
	};
	rootObject = 8AA119921E4DB84D008C0049 /* Project object */;
}
